// !$*UTF8*$!
{
	archiveVersion = 1;
	classes = {
	};
	objectVersion = 50;
	objects = {

/* Begin PBXBuildFile section */
		D4D2EC5B238BB05E00BCCB18 /* AppDelegate.swift in Sources */ = {isa = PBXBuildFile; fileRef = D4D2EC5A238BB05E00BCCB18 /* AppDelegate.swift */; };
		D4D2EC5D238BB05E00BCCB18 /* SceneDelegate.swift in Sources */ = {isa = PBXBuildFile; fileRef = D4D2EC5C238BB05E00BCCB18 /* SceneDelegate.swift */; };
		D4D2EC5F238BB05E00BCCB18 /* SearchController.swift in Sources */ = {isa = PBXBuildFile; fileRef = D4D2EC5E238BB05E00BCCB18 /* SearchController.swift */; };
		D4D2EC64238BB05F00BCCB18 /* Assets.xcassets in Resources */ = {isa = PBXBuildFile; fileRef = D4D2EC63238BB05F00BCCB18 /* Assets.xcassets */; };
		D4D2EC67238BB05F00BCCB18 /* LaunchScreen.storyboard in Resources */ = {isa = PBXBuildFile; fileRef = D4D2EC65238BB05F00BCCB18 /* LaunchScreen.storyboard */; };
		D4D2EC72238BB05F00BCCB18 /* TMDB_DemoTests.swift in Sources */ = {isa = PBXBuildFile; fileRef = D4D2EC71238BB05F00BCCB18 /* TMDB_DemoTests.swift */; };
		D4D2EC7D238BB7B200BCCB18 /* UIView+Anchor.swift in Sources */ = {isa = PBXBuildFile; fileRef = D4D2EC7C238BB7B200BCCB18 /* UIView+Anchor.swift */; };
		D4D2EC80238BBFE100BCCB18 /* Main.storyboard in Resources */ = {isa = PBXBuildFile; fileRef = D4D2EC7F238BBFE100BCCB18 /* Main.storyboard */; };
		D4D2EC83238BC78600BCCB18 /* MovieCell.swift in Sources */ = {isa = PBXBuildFile; fileRef = D4D2EC82238BC78600BCCB18 /* MovieCell.swift */; };
		D4D2EC86238BC7E100BCCB18 /* BaseCell.swift in Sources */ = {isa = PBXBuildFile; fileRef = D4D2EC85238BC7E100BCCB18 /* BaseCell.swift */; };
		D4D2EC88238BC80400BCCB18 /* Style.swift in Sources */ = {isa = PBXBuildFile; fileRef = D4D2EC87238BC80400BCCB18 /* Style.swift */; };
		D4D2EC8B238BCF4A00BCCB18 /* Identifiable.swift in Sources */ = {isa = PBXBuildFile; fileRef = D4D2EC8A238BCF4A00BCCB18 /* Identifiable.swift */; };
		D4D2EC8D238BCF6C00BCCB18 /* ReuseableView.swift in Sources */ = {isa = PBXBuildFile; fileRef = D4D2EC8C238BCF6C00BCCB18 /* ReuseableView.swift */; };
		D4D2EC8F238BCFC600BCCB18 /* UITableView+Extensions.swift in Sources */ = {isa = PBXBuildFile; fileRef = D4D2EC8E238BCFC600BCCB18 /* UITableView+Extensions.swift */; };
		D4D2EC91238BE57F00BCCB18 /* Movie.swift in Sources */ = {isa = PBXBuildFile; fileRef = D4D2EC90238BE57F00BCCB18 /* Movie.swift */; };
		D4D2EC94238BE91400BCCB18 /* MovieQuery.swift in Sources */ = {isa = PBXBuildFile; fileRef = D4D2EC93238BE91400BCCB18 /* MovieQuery.swift */; };
		D4D2EC96238BFF2200BCCB18 /* MovieViewModel.swift in Sources */ = {isa = PBXBuildFile; fileRef = D4D2EC95238BFF2200BCCB18 /* MovieViewModel.swift */; };
		D4D2EC99238C029200BCCB18 /* Executable.swift in Sources */ = {isa = PBXBuildFile; fileRef = D4D2EC98238C029200BCCB18 /* Executable.swift */; };
		D4D2EC9C238C032900BCCB18 /* DataType.swift in Sources */ = {isa = PBXBuildFile; fileRef = D4D2EC9B238C032900BCCB18 /* DataType.swift */; };
		D4D2EC9E238C034B00BCCB18 /* APIError.swift in Sources */ = {isa = PBXBuildFile; fileRef = D4D2EC9D238C034B00BCCB18 /* APIError.swift */; };
		D4D2ECA0238C036400BCCB18 /* HTTPMethod.swift in Sources */ = {isa = PBXBuildFile; fileRef = D4D2EC9F238C036400BCCB18 /* HTTPMethod.swift */; };
		D4D2ECA3238C050500BCCB18 /* ResponseMapper.swift in Sources */ = {isa = PBXBuildFile; fileRef = D4D2ECA2238C050500BCCB18 /* ResponseMapper.swift */; };
		D4D2ECA5238C071600BCCB18 /* DecodableObject.swift in Sources */ = {isa = PBXBuildFile; fileRef = D4D2ECA4238C071600BCCB18 /* DecodableObject.swift */; };
		D4D2ECA7238C07CA00BCCB18 /* DecodableMapper.swift in Sources */ = {isa = PBXBuildFile; fileRef = D4D2ECA6238C07CA00BCCB18 /* DecodableMapper.swift */; };
		D4D2ECA9238C087100BCCB18 /* JSONMapper.swift in Sources */ = {isa = PBXBuildFile; fileRef = D4D2ECA8238C087100BCCB18 /* JSONMapper.swift */; };
		D4D2ECAC238C0A4600BCCB18 /* GetMovieInfo.swift in Sources */ = {isa = PBXBuildFile; fileRef = D4D2ECAB238C0A4600BCCB18 /* GetMovieInfo.swift */; };
		D4D2ECAE238C0ADC00BCCB18 /* TMDBToken.swift in Sources */ = {isa = PBXBuildFile; fileRef = D4D2ECAD238C0ADC00BCCB18 /* TMDBToken.swift */; };
		D4D2ECB1238C0D7100BCCB18 /* TMDBServices.swift in Sources */ = {isa = PBXBuildFile; fileRef = D4D2ECB0238C0D7100BCCB18 /* TMDBServices.swift */; };
		D4D2ECB4238C10DE00BCCB18 /* TMDBServiceError.swift in Sources */ = {isa = PBXBuildFile; fileRef = D4D2ECB3238C10DE00BCCB18 /* TMDBServiceError.swift */; };
		D4D2ECB7238C111800BCCB18 /* GetMoviePosterImage.swift in Sources */ = {isa = PBXBuildFile; fileRef = D4D2ECB6238C111800BCCB18 /* GetMoviePosterImage.swift */; };
		D4D2ECB9238C13A200BCCB18 /* CacheableImageView.swift in Sources */ = {isa = PBXBuildFile; fileRef = D4D2ECB8238C13A200BCCB18 /* CacheableImageView.swift */; };
		D4D2ECBB238C176300BCCB18 /* TMDBImageView.swift in Sources */ = {isa = PBXBuildFile; fileRef = D4D2ECBA238C176300BCCB18 /* TMDBImageView.swift */; };
		D4D2ECBD238C1C4F00BCCB18 /* UIViewController+Extensions.swift in Sources */ = {isa = PBXBuildFile; fileRef = D4D2ECBC238C1C4F00BCCB18 /* UIViewController+Extensions.swift */; };
/* End PBXBuildFile section */

/* Begin PBXContainerItemProxy section */
		D4D2EC6E238BB05F00BCCB18 /* PBXContainerItemProxy */ = {
			isa = PBXContainerItemProxy;
			containerPortal = D4D2EC4F238BB05E00BCCB18 /* Project object */;
			proxyType = 1;
			remoteGlobalIDString = D4D2EC56238BB05E00BCCB18;
			remoteInfo = "TMDB-Demo";
		};
/* End PBXContainerItemProxy section */

/* Begin PBXFileReference section */
		D4D2EC57238BB05E00BCCB18 /* TMDB-Demo.app */ = {isa = PBXFileReference; explicitFileType = wrapper.application; includeInIndex = 0; path = "TMDB-Demo.app"; sourceTree = BUILT_PRODUCTS_DIR; };
		D4D2EC5A238BB05E00BCCB18 /* AppDelegate.swift */ = {isa = PBXFileReference; lastKnownFileType = sourcecode.swift; path = AppDelegate.swift; sourceTree = "<group>"; };
		D4D2EC5C238BB05E00BCCB18 /* SceneDelegate.swift */ = {isa = PBXFileReference; lastKnownFileType = sourcecode.swift; path = SceneDelegate.swift; sourceTree = "<group>"; };
		D4D2EC5E238BB05E00BCCB18 /* SearchController.swift */ = {isa = PBXFileReference; lastKnownFileType = sourcecode.swift; path = SearchController.swift; sourceTree = "<group>"; };
		D4D2EC63238BB05F00BCCB18 /* Assets.xcassets */ = {isa = PBXFileReference; lastKnownFileType = folder.assetcatalog; path = Assets.xcassets; sourceTree = "<group>"; };
		D4D2EC66238BB05F00BCCB18 /* Base */ = {isa = PBXFileReference; lastKnownFileType = file.storyboard; name = Base; path = Base.lproj/LaunchScreen.storyboard; sourceTree = "<group>"; };
		D4D2EC68238BB05F00BCCB18 /* Info.plist */ = {isa = PBXFileReference; lastKnownFileType = text.plist.xml; path = Info.plist; sourceTree = "<group>"; };
		D4D2EC6D238BB05F00BCCB18 /* TMDB-DemoTests.xctest */ = {isa = PBXFileReference; explicitFileType = wrapper.cfbundle; includeInIndex = 0; path = "TMDB-DemoTests.xctest"; sourceTree = BUILT_PRODUCTS_DIR; };
		D4D2EC71238BB05F00BCCB18 /* TMDB_DemoTests.swift */ = {isa = PBXFileReference; lastKnownFileType = sourcecode.swift; path = TMDB_DemoTests.swift; sourceTree = "<group>"; };
		D4D2EC73238BB05F00BCCB18 /* Info.plist */ = {isa = PBXFileReference; lastKnownFileType = text.plist.xml; path = Info.plist; sourceTree = "<group>"; };
		D4D2EC7C238BB7B200BCCB18 /* UIView+Anchor.swift */ = {isa = PBXFileReference; lastKnownFileType = sourcecode.swift; path = "UIView+Anchor.swift"; sourceTree = "<group>"; };
		D4D2EC7F238BBFE100BCCB18 /* Main.storyboard */ = {isa = PBXFileReference; fileEncoding = 4; lastKnownFileType = file.storyboard; path = Main.storyboard; sourceTree = "<group>"; };
		D4D2EC82238BC78600BCCB18 /* MovieCell.swift */ = {isa = PBXFileReference; lastKnownFileType = sourcecode.swift; path = MovieCell.swift; sourceTree = "<group>"; };
		D4D2EC85238BC7E100BCCB18 /* BaseCell.swift */ = {isa = PBXFileReference; lastKnownFileType = sourcecode.swift; path = BaseCell.swift; sourceTree = "<group>"; };
		D4D2EC87238BC80400BCCB18 /* Style.swift */ = {isa = PBXFileReference; lastKnownFileType = sourcecode.swift; path = Style.swift; sourceTree = "<group>"; };
		D4D2EC8A238BCF4A00BCCB18 /* Identifiable.swift */ = {isa = PBXFileReference; lastKnownFileType = sourcecode.swift; path = Identifiable.swift; sourceTree = "<group>"; };
		D4D2EC8C238BCF6C00BCCB18 /* ReuseableView.swift */ = {isa = PBXFileReference; lastKnownFileType = sourcecode.swift; path = ReuseableView.swift; sourceTree = "<group>"; };
		D4D2EC8E238BCFC600BCCB18 /* UITableView+Extensions.swift */ = {isa = PBXFileReference; lastKnownFileType = sourcecode.swift; path = "UITableView+Extensions.swift"; sourceTree = "<group>"; };
		D4D2EC90238BE57F00BCCB18 /* Movie.swift */ = {isa = PBXFileReference; lastKnownFileType = sourcecode.swift; path = Movie.swift; sourceTree = "<group>"; };
		D4D2EC93238BE91400BCCB18 /* MovieQuery.swift */ = {isa = PBXFileReference; lastKnownFileType = sourcecode.swift; path = MovieQuery.swift; sourceTree = "<group>"; };
		D4D2EC95238BFF2200BCCB18 /* MovieViewModel.swift */ = {isa = PBXFileReference; lastKnownFileType = sourcecode.swift; path = MovieViewModel.swift; sourceTree = "<group>"; };
		D4D2EC98238C029200BCCB18 /* Executable.swift */ = {isa = PBXFileReference; lastKnownFileType = sourcecode.swift; path = Executable.swift; sourceTree = "<group>"; };
		D4D2EC9B238C032900BCCB18 /* DataType.swift */ = {isa = PBXFileReference; lastKnownFileType = sourcecode.swift; path = DataType.swift; sourceTree = "<group>"; };
		D4D2EC9D238C034B00BCCB18 /* APIError.swift */ = {isa = PBXFileReference; lastKnownFileType = sourcecode.swift; path = APIError.swift; sourceTree = "<group>"; };
		D4D2EC9F238C036400BCCB18 /* HTTPMethod.swift */ = {isa = PBXFileReference; lastKnownFileType = sourcecode.swift; path = HTTPMethod.swift; sourceTree = "<group>"; };
		D4D2ECA2238C050500BCCB18 /* ResponseMapper.swift */ = {isa = PBXFileReference; lastKnownFileType = sourcecode.swift; path = ResponseMapper.swift; sourceTree = "<group>"; };
		D4D2ECA4238C071600BCCB18 /* DecodableObject.swift */ = {isa = PBXFileReference; lastKnownFileType = sourcecode.swift; path = DecodableObject.swift; sourceTree = "<group>"; };
		D4D2ECA6238C07CA00BCCB18 /* DecodableMapper.swift */ = {isa = PBXFileReference; lastKnownFileType = sourcecode.swift; path = DecodableMapper.swift; sourceTree = "<group>"; };
		D4D2ECA8238C087100BCCB18 /* JSONMapper.swift */ = {isa = PBXFileReference; lastKnownFileType = sourcecode.swift; path = JSONMapper.swift; sourceTree = "<group>"; };
		D4D2ECAB238C0A4600BCCB18 /* GetMovieInfo.swift */ = {isa = PBXFileReference; lastKnownFileType = sourcecode.swift; path = GetMovieInfo.swift; sourceTree = "<group>"; };
		D4D2ECAD238C0ADC00BCCB18 /* TMDBToken.swift */ = {isa = PBXFileReference; lastKnownFileType = sourcecode.swift; path = TMDBToken.swift; sourceTree = "<group>"; };
		D4D2ECB0238C0D7100BCCB18 /* TMDBServices.swift */ = {isa = PBXFileReference; lastKnownFileType = sourcecode.swift; path = TMDBServices.swift; sourceTree = "<group>"; };
		D4D2ECB3238C10DE00BCCB18 /* TMDBServiceError.swift */ = {isa = PBXFileReference; lastKnownFileType = sourcecode.swift; path = TMDBServiceError.swift; sourceTree = "<group>"; };
		D4D2ECB6238C111800BCCB18 /* GetMoviePosterImage.swift */ = {isa = PBXFileReference; lastKnownFileType = sourcecode.swift; path = GetMoviePosterImage.swift; sourceTree = "<group>"; };
		D4D2ECB8238C13A200BCCB18 /* CacheableImageView.swift */ = {isa = PBXFileReference; lastKnownFileType = sourcecode.swift; path = CacheableImageView.swift; sourceTree = "<group>"; };
		D4D2ECBA238C176300BCCB18 /* TMDBImageView.swift */ = {isa = PBXFileReference; lastKnownFileType = sourcecode.swift; path = TMDBImageView.swift; sourceTree = "<group>"; };
		D4D2ECBC238C1C4F00BCCB18 /* UIViewController+Extensions.swift */ = {isa = PBXFileReference; lastKnownFileType = sourcecode.swift; path = "UIViewController+Extensions.swift"; sourceTree = "<group>"; };
/* End PBXFileReference section */

/* Begin PBXFrameworksBuildPhase section */
		D4D2EC54238BB05E00BCCB18 /* Frameworks */ = {
			isa = PBXFrameworksBuildPhase;
			buildActionMask = 2147483647;
			files = (
			);
			runOnlyForDeploymentPostprocessing = 0;
		};
		D4D2EC6A238BB05F00BCCB18 /* Frameworks */ = {
			isa = PBXFrameworksBuildPhase;
			buildActionMask = 2147483647;
			files = (
			);
			runOnlyForDeploymentPostprocessing = 0;
		};
/* End PBXFrameworksBuildPhase section */

/* Begin PBXGroup section */
		D4D2EC4E238BB05E00BCCB18 = {
			isa = PBXGroup;
			children = (
				D4D2EC59238BB05E00BCCB18 /* TMDB-Demo */,
				D4D2EC70238BB05F00BCCB18 /* TMDB-DemoTests */,
				D4D2EC58238BB05E00BCCB18 /* Products */,
			);
			sourceTree = "<group>";
		};
		D4D2EC58238BB05E00BCCB18 /* Products */ = {
			isa = PBXGroup;
			children = (
				D4D2EC57238BB05E00BCCB18 /* TMDB-Demo.app */,
				D4D2EC6D238BB05F00BCCB18 /* TMDB-DemoTests.xctest */,
			);
			name = Products;
			sourceTree = "<group>";
		};
		D4D2EC59238BB05E00BCCB18 /* TMDB-Demo */ = {
			isa = PBXGroup;
			children = (
				D4D2EC5A238BB05E00BCCB18 /* AppDelegate.swift */,
				D4D2EC5C238BB05E00BCCB18 /* SceneDelegate.swift */,
				D4D2ECBA238C176300BCCB18 /* TMDBImageView.swift */,
				D4D2EC9A238C02A000BCCB18 /* Networking */,
				D4D2EC97238BFF2500BCCB18 /* ViewModels */,
				D4D2EC92238BE58400BCCB18 /* Model */,
				D4D2EC84238BC78C00BCCB18 /* Cells */,
				D4D2EC81238BC76600BCCB18 /* Controllers */,
				D4D2EC7E238BBBC000BCCB18 /* Extensions */,
				D4D2EC89238BC80800BCCB18 /* Utills */,
				D4D2EC63238BB05F00BCCB18 /* Assets.xcassets */,
				D4D2EC7F238BBFE100BCCB18 /* Main.storyboard */,
				D4D2EC65238BB05F00BCCB18 /* LaunchScreen.storyboard */,
				D4D2EC68238BB05F00BCCB18 /* Info.plist */,
			);
			path = "TMDB-Demo";
			sourceTree = "<group>";
		};
		D4D2EC70238BB05F00BCCB18 /* TMDB-DemoTests */ = {
			isa = PBXGroup;
			children = (
				D4D2EC71238BB05F00BCCB18 /* TMDB_DemoTests.swift */,
				D4D2EC73238BB05F00BCCB18 /* Info.plist */,
			);
			path = "TMDB-DemoTests";
			sourceTree = "<group>";
		};
		D4D2EC7E238BBBC000BCCB18 /* Extensions */ = {
			isa = PBXGroup;
			children = (
				D4D2EC7C238BB7B200BCCB18 /* UIView+Anchor.swift */,
				D4D2EC8E238BCFC600BCCB18 /* UITableView+Extensions.swift */,
				D4D2ECB8238C13A200BCCB18 /* CacheableImageView.swift */,
				D4D2ECBC238C1C4F00BCCB18 /* UIViewController+Extensions.swift */,
			);
			path = Extensions;
			sourceTree = "<group>";
		};
		D4D2EC81238BC76600BCCB18 /* Controllers */ = {
			isa = PBXGroup;
			children = (
				D4D2EC5E238BB05E00BCCB18 /* SearchController.swift */,
			);
			path = Controllers;
			sourceTree = "<group>";
		};
		D4D2EC84238BC78C00BCCB18 /* Cells */ = {
			isa = PBXGroup;
			children = (
				D4D2EC82238BC78600BCCB18 /* MovieCell.swift */,
				D4D2EC85238BC7E100BCCB18 /* BaseCell.swift */,
			);
			path = Cells;
			sourceTree = "<group>";
		};
		D4D2EC89238BC80800BCCB18 /* Utills */ = {
			isa = PBXGroup;
			children = (
				D4D2EC8A238BCF4A00BCCB18 /* Identifiable.swift */,
				D4D2EC8C238BCF6C00BCCB18 /* ReuseableView.swift */,
				D4D2EC87238BC80400BCCB18 /* Style.swift */,
			);
			path = Utills;
			sourceTree = "<group>";
		};
		D4D2EC92238BE58400BCCB18 /* Model */ = {
			isa = PBXGroup;
			children = (
				D4D2EC90238BE57F00BCCB18 /* Movie.swift */,
				D4D2EC93238BE91400BCCB18 /* MovieQuery.swift */,
			);
			path = Model;
			sourceTree = "<group>";
		};
		D4D2EC97238BFF2500BCCB18 /* ViewModels */ = {
			isa = PBXGroup;
			children = (
				D4D2EC95238BFF2200BCCB18 /* MovieViewModel.swift */,
			);
			path = ViewModels;
			sourceTree = "<group>";
		};
		D4D2EC9A238C02A000BCCB18 /* Networking */ = {
			isa = PBXGroup;
			children = (
				D4D2ECA1238C036F00BCCB18 /* Network Data Type */,
				D4D2ECAA238C09EC00BCCB18 /* Request Protocols */,
				D4D2ECAF238C0D4E00BCCB18 /* EndPoints */,
				D4D2ECB2238C0D7D00BCCB18 /* Services */,
			);
			path = Networking;
			sourceTree = "<group>";
		};
		D4D2ECA1238C036F00BCCB18 /* Network Data Type */ = {
			isa = PBXGroup;
			children = (
				D4D2EC9B238C032900BCCB18 /* DataType.swift */,
				D4D2EC9D238C034B00BCCB18 /* APIError.swift */,
				D4D2EC9F238C036400BCCB18 /* HTTPMethod.swift */,
				D4D2ECAD238C0ADC00BCCB18 /* TMDBToken.swift */,
			);
			path = "Network Data Type";
			sourceTree = "<group>";
		};
		D4D2ECAA238C09EC00BCCB18 /* Request Protocols */ = {
			isa = PBXGroup;
			children = (
				D4D2EC98238C029200BCCB18 /* Executable.swift */,
				D4D2ECA4238C071600BCCB18 /* DecodableObject.swift */,
				D4D2ECA6238C07CA00BCCB18 /* DecodableMapper.swift */,
				D4D2ECA2238C050500BCCB18 /* ResponseMapper.swift */,
				D4D2ECA8238C087100BCCB18 /* JSONMapper.swift */,
			);
			path = "Request Protocols";
			sourceTree = "<group>";
		};
		D4D2ECAF238C0D4E00BCCB18 /* EndPoints */ = {
			isa = PBXGroup;
			children = (
				D4D2ECAB238C0A4600BCCB18 /* GetMovieInfo.swift */,
				D4D2ECB6238C111800BCCB18 /* GetMoviePosterImage.swift */,
			);
			path = EndPoints;
			sourceTree = "<group>";
		};
		D4D2ECB2238C0D7D00BCCB18 /* Services */ = {
			isa = PBXGroup;
			children = (
				D4D2ECB5238C10F300BCCB18 /* Errors */,
				D4D2ECB0238C0D7100BCCB18 /* TMDBServices.swift */,
			);
			path = Services;
			sourceTree = "<group>";
		};
		D4D2ECB5238C10F300BCCB18 /* Errors */ = {
			isa = PBXGroup;
			children = (
				D4D2ECB3238C10DE00BCCB18 /* TMDBServiceError.swift */,
			);
			path = Errors;
			sourceTree = "<group>";
		};
/* End PBXGroup section */

/* Begin PBXNativeTarget section */
		D4D2EC56238BB05E00BCCB18 /* TMDB-Demo */ = {
			isa = PBXNativeTarget;
			buildConfigurationList = D4D2EC76238BB05F00BCCB18 /* Build configuration list for PBXNativeTarget "TMDB-Demo" */;
			buildPhases = (
				D4D2EC53238BB05E00BCCB18 /* Sources */,
				D4D2EC54238BB05E00BCCB18 /* Frameworks */,
				D4D2EC55238BB05E00BCCB18 /* Resources */,
			);
			buildRules = (
			);
			dependencies = (
			);
			name = "TMDB-Demo";
			productName = "TMDB-Demo";
			productReference = D4D2EC57238BB05E00BCCB18 /* TMDB-Demo.app */;
			productType = "com.apple.product-type.application";
		};
		D4D2EC6C238BB05F00BCCB18 /* TMDB-DemoTests */ = {
			isa = PBXNativeTarget;
			buildConfigurationList = D4D2EC79238BB05F00BCCB18 /* Build configuration list for PBXNativeTarget "TMDB-DemoTests" */;
			buildPhases = (
				D4D2EC69238BB05F00BCCB18 /* Sources */,
				D4D2EC6A238BB05F00BCCB18 /* Frameworks */,
				D4D2EC6B238BB05F00BCCB18 /* Resources */,
			);
			buildRules = (
			);
			dependencies = (
				D4D2EC6F238BB05F00BCCB18 /* PBXTargetDependency */,
			);
			name = "TMDB-DemoTests";
			productName = "TMDB-DemoTests";
			productReference = D4D2EC6D238BB05F00BCCB18 /* TMDB-DemoTests.xctest */;
			productType = "com.apple.product-type.bundle.unit-test";
		};
/* End PBXNativeTarget section */

/* Begin PBXProject section */
		D4D2EC4F238BB05E00BCCB18 /* Project object */ = {
			isa = PBXProject;
			attributes = {
				LastSwiftUpdateCheck = 1120;
				LastUpgradeCheck = 1120;
				ORGANIZATIONNAME = "Jason Wang";
				TargetAttributes = {
					D4D2EC56238BB05E00BCCB18 = {
						CreatedOnToolsVersion = 11.2.1;
					};
					D4D2EC6C238BB05F00BCCB18 = {
						CreatedOnToolsVersion = 11.2.1;
						TestTargetID = D4D2EC56238BB05E00BCCB18;
					};
				};
			};
			buildConfigurationList = D4D2EC52238BB05E00BCCB18 /* Build configuration list for PBXProject "TMDB-Demo" */;
			compatibilityVersion = "Xcode 9.3";
			developmentRegion = en;
			hasScannedForEncodings = 0;
			knownRegions = (
				en,
				Base,
			);
			mainGroup = D4D2EC4E238BB05E00BCCB18;
			productRefGroup = D4D2EC58238BB05E00BCCB18 /* Products */;
			projectDirPath = "";
			projectRoot = "";
			targets = (
				D4D2EC56238BB05E00BCCB18 /* TMDB-Demo */,
				D4D2EC6C238BB05F00BCCB18 /* TMDB-DemoTests */,
			);
		};
/* End PBXProject section */

/* Begin PBXResourcesBuildPhase section */
		D4D2EC55238BB05E00BCCB18 /* Resources */ = {
			isa = PBXResourcesBuildPhase;
			buildActionMask = 2147483647;
			files = (
				D4D2EC80238BBFE100BCCB18 /* Main.storyboard in Resources */,
				D4D2EC67238BB05F00BCCB18 /* LaunchScreen.storyboard in Resources */,
				D4D2EC64238BB05F00BCCB18 /* Assets.xcassets in Resources */,
			);
			runOnlyForDeploymentPostprocessing = 0;
		};
		D4D2EC6B238BB05F00BCCB18 /* Resources */ = {
			isa = PBXResourcesBuildPhase;
			buildActionMask = 2147483647;
			files = (
			);
			runOnlyForDeploymentPostprocessing = 0;
		};
/* End PBXResourcesBuildPhase section */

/* Begin PBXSourcesBuildPhase section */
		D4D2EC53238BB05E00BCCB18 /* Sources */ = {
			isa = PBXSourcesBuildPhase;
			buildActionMask = 2147483647;
			files = (
				D4D2ECB1238C0D7100BCCB18 /* TMDBServices.swift in Sources */,
				D4D2ECA7238C07CA00BCCB18 /* DecodableMapper.swift in Sources */,
				D4D2EC5F238BB05E00BCCB18 /* SearchController.swift in Sources */,
				D4D2ECB9238C13A200BCCB18 /* CacheableImageView.swift in Sources */,
				D4D2EC9C238C032900BCCB18 /* DataType.swift in Sources */,
				D4D2ECAC238C0A4600BCCB18 /* GetMovieInfo.swift in Sources */,
				D4D2EC7D238BB7B200BCCB18 /* UIView+Anchor.swift in Sources */,
				D4D2EC5B238BB05E00BCCB18 /* AppDelegate.swift in Sources */,
				D4D2EC99238C029200BCCB18 /* Executable.swift in Sources */,
				D4D2EC83238BC78600BCCB18 /* MovieCell.swift in Sources */,
				D4D2ECAE238C0ADC00BCCB18 /* TMDBToken.swift in Sources */,
				D4D2EC86238BC7E100BCCB18 /* BaseCell.swift in Sources */,
				D4D2ECA5238C071600BCCB18 /* DecodableObject.swift in Sources */,
				D4D2EC94238BE91400BCCB18 /* MovieQuery.swift in Sources */,
				D4D2EC8F238BCFC600BCCB18 /* UITableView+Extensions.swift in Sources */,
				D4D2ECB4238C10DE00BCCB18 /* TMDBServiceError.swift in Sources */,
				D4D2EC8B238BCF4A00BCCB18 /* Identifiable.swift in Sources */,
				D4D2EC88238BC80400BCCB18 /* Style.swift in Sources */,
				D4D2EC8D238BCF6C00BCCB18 /* ReuseableView.swift in Sources */,
				D4D2ECBB238C176300BCCB18 /* TMDBImageView.swift in Sources */,
				D4D2ECA0238C036400BCCB18 /* HTTPMethod.swift in Sources */,
				D4D2EC96238BFF2200BCCB18 /* MovieViewModel.swift in Sources */,
				D4D2EC9E238C034B00BCCB18 /* APIError.swift in Sources */,
				D4D2ECA3238C050500BCCB18 /* ResponseMapper.swift in Sources */,
				D4D2ECB7238C111800BCCB18 /* GetMoviePosterImage.swift in Sources */,
				D4D2EC91238BE57F00BCCB18 /* Movie.swift in Sources */,
				D4D2ECA9238C087100BCCB18 /* JSONMapper.swift in Sources */,
				D4D2EC5D238BB05E00BCCB18 /* SceneDelegate.swift in Sources */,
				D4D2ECBD238C1C4F00BCCB18 /* UIViewController+Extensions.swift in Sources */,
			);
			runOnlyForDeploymentPostprocessing = 0;
		};
		D4D2EC69238BB05F00BCCB18 /* Sources */ = {
			isa = PBXSourcesBuildPhase;
			buildActionMask = 2147483647;
			files = (
				D4D2EC72238BB05F00BCCB18 /* TMDB_DemoTests.swift in Sources */,
			);
			runOnlyForDeploymentPostprocessing = 0;
		};
/* End PBXSourcesBuildPhase section */

/* Begin PBXTargetDependency section */
		D4D2EC6F238BB05F00BCCB18 /* PBXTargetDependency */ = {
			isa = PBXTargetDependency;
			target = D4D2EC56238BB05E00BCCB18 /* TMDB-Demo */;
			targetProxy = D4D2EC6E238BB05F00BCCB18 /* PBXContainerItemProxy */;
		};
/* End PBXTargetDependency section */

/* Begin PBXVariantGroup section */
		D4D2EC65238BB05F00BCCB18 /* LaunchScreen.storyboard */ = {
			isa = PBXVariantGroup;
			children = (
				D4D2EC66238BB05F00BCCB18 /* Base */,
			);
			name = LaunchScreen.storyboard;
			sourceTree = "<group>";
		};
/* End PBXVariantGroup section */

/* Begin XCBuildConfiguration section */
		D4D2EC74238BB05F00BCCB18 /* Debug */ = {
			isa = XCBuildConfiguration;
			buildSettings = {
				ALWAYS_SEARCH_USER_PATHS = NO;
				CLANG_ANALYZER_NONNULL = YES;
				CLANG_ANALYZER_NUMBER_OBJECT_CONVERSION = YES_AGGRESSIVE;
				CLANG_CXX_LANGUAGE_STANDARD = "gnu++14";
				CLANG_CXX_LIBRARY = "libc++";
				CLANG_ENABLE_MODULES = YES;
				CLANG_ENABLE_OBJC_ARC = YES;
				CLANG_ENABLE_OBJC_WEAK = YES;
				CLANG_WARN_BLOCK_CAPTURE_AUTORELEASING = YES;
				CLANG_WARN_BOOL_CONVERSION = YES;
				CLANG_WARN_COMMA = YES;
				CLANG_WARN_CONSTANT_CONVERSION = YES;
				CLANG_WARN_DEPRECATED_OBJC_IMPLEMENTATIONS = YES;
				CLANG_WARN_DIRECT_OBJC_ISA_USAGE = YES_ERROR;
				CLANG_WARN_DOCUMENTATION_COMMENTS = YES;
				CLANG_WARN_EMPTY_BODY = YES;
				CLANG_WARN_ENUM_CONVERSION = YES;
				CLANG_WARN_INFINITE_RECURSION = YES;
				CLANG_WARN_INT_CONVERSION = YES;
				CLANG_WARN_NON_LITERAL_NULL_CONVERSION = YES;
				CLANG_WARN_OBJC_IMPLICIT_RETAIN_SELF = YES;
				CLANG_WARN_OBJC_LITERAL_CONVERSION = YES;
				CLANG_WARN_OBJC_ROOT_CLASS = YES_ERROR;
				CLANG_WARN_RANGE_LOOP_ANALYSIS = YES;
				CLANG_WARN_STRICT_PROTOTYPES = YES;
				CLANG_WARN_SUSPICIOUS_MOVE = YES;
				CLANG_WARN_UNGUARDED_AVAILABILITY = YES_AGGRESSIVE;
				CLANG_WARN_UNREACHABLE_CODE = YES;
				CLANG_WARN__DUPLICATE_METHOD_MATCH = YES;
				COPY_PHASE_STRIP = NO;
				DEBUG_INFORMATION_FORMAT = dwarf;
				ENABLE_STRICT_OBJC_MSGSEND = YES;
				ENABLE_TESTABILITY = YES;
				GCC_C_LANGUAGE_STANDARD = gnu11;
				GCC_DYNAMIC_NO_PIC = NO;
				GCC_NO_COMMON_BLOCKS = YES;
				GCC_OPTIMIZATION_LEVEL = 0;
				GCC_PREPROCESSOR_DEFINITIONS = (
					"DEBUG=1",
					"$(inherited)",
				);
				GCC_WARN_64_TO_32_BIT_CONVERSION = YES;
				GCC_WARN_ABOUT_RETURN_TYPE = YES_ERROR;
				GCC_WARN_UNDECLARED_SELECTOR = YES;
				GCC_WARN_UNINITIALIZED_AUTOS = YES_AGGRESSIVE;
				GCC_WARN_UNUSED_FUNCTION = YES;
				GCC_WARN_UNUSED_VARIABLE = YES;
				IPHONEOS_DEPLOYMENT_TARGET = 13.2;
				MTL_ENABLE_DEBUG_INFO = INCLUDE_SOURCE;
				MTL_FAST_MATH = YES;
				ONLY_ACTIVE_ARCH = YES;
				SDKROOT = iphoneos;
				SWIFT_ACTIVE_COMPILATION_CONDITIONS = DEBUG;
				SWIFT_OPTIMIZATION_LEVEL = "-Onone";
			};
			name = Debug;
		};
		D4D2EC75238BB05F00BCCB18 /* Release */ = {
			isa = XCBuildConfiguration;
			buildSettings = {
				ALWAYS_SEARCH_USER_PATHS = NO;
				CLANG_ANALYZER_NONNULL = YES;
				CLANG_ANALYZER_NUMBER_OBJECT_CONVERSION = YES_AGGRESSIVE;
				CLANG_CXX_LANGUAGE_STANDARD = "gnu++14";
				CLANG_CXX_LIBRARY = "libc++";
				CLANG_ENABLE_MODULES = YES;
				CLANG_ENABLE_OBJC_ARC = YES;
				CLANG_ENABLE_OBJC_WEAK = YES;
				CLANG_WARN_BLOCK_CAPTURE_AUTORELEASING = YES;
				CLANG_WARN_BOOL_CONVERSION = YES;
				CLANG_WARN_COMMA = YES;
				CLANG_WARN_CONSTANT_CONVERSION = YES;
				CLANG_WARN_DEPRECATED_OBJC_IMPLEMENTATIONS = YES;
				CLANG_WARN_DIRECT_OBJC_ISA_USAGE = YES_ERROR;
				CLANG_WARN_DOCUMENTATION_COMMENTS = YES;
				CLANG_WARN_EMPTY_BODY = YES;
				CLANG_WARN_ENUM_CONVERSION = YES;
				CLANG_WARN_INFINITE_RECURSION = YES;
				CLANG_WARN_INT_CONVERSION = YES;
				CLANG_WARN_NON_LITERAL_NULL_CONVERSION = YES;
				CLANG_WARN_OBJC_IMPLICIT_RETAIN_SELF = YES;
				CLANG_WARN_OBJC_LITERAL_CONVERSION = YES;
				CLANG_WARN_OBJC_ROOT_CLASS = YES_ERROR;
				CLANG_WARN_RANGE_LOOP_ANALYSIS = YES;
				CLANG_WARN_STRICT_PROTOTYPES = YES;
				CLANG_WARN_SUSPICIOUS_MOVE = YES;
				CLANG_WARN_UNGUARDED_AVAILABILITY = YES_AGGRESSIVE;
				CLANG_WARN_UNREACHABLE_CODE = YES;
				CLANG_WARN__DUPLICATE_METHOD_MATCH = YES;
				COPY_PHASE_STRIP = NO;
				DEBUG_INFORMATION_FORMAT = "dwarf-with-dsym";
				ENABLE_NS_ASSERTIONS = NO;
				ENABLE_STRICT_OBJC_MSGSEND = YES;
				GCC_C_LANGUAGE_STANDARD = gnu11;
				GCC_NO_COMMON_BLOCKS = YES;
				GCC_WARN_64_TO_32_BIT_CONVERSION = YES;
				GCC_WARN_ABOUT_RETURN_TYPE = YES_ERROR;
				GCC_WARN_UNDECLARED_SELECTOR = YES;
				GCC_WARN_UNINITIALIZED_AUTOS = YES_AGGRESSIVE;
				GCC_WARN_UNUSED_FUNCTION = YES;
				GCC_WARN_UNUSED_VARIABLE = YES;
				IPHONEOS_DEPLOYMENT_TARGET = 13.2;
				MTL_ENABLE_DEBUG_INFO = NO;
				MTL_FAST_MATH = YES;
				SDKROOT = iphoneos;
				SWIFT_COMPILATION_MODE = wholemodule;
				SWIFT_OPTIMIZATION_LEVEL = "-O";
				VALIDATE_PRODUCT = YES;
			};
			name = Release;
		};
		D4D2EC77238BB05F00BCCB18 /* Debug */ = {
			isa = XCBuildConfiguration;
			buildSettings = {
				ASSETCATALOG_COMPILER_APPICON_NAME = AppIcon;
				CODE_SIGN_STYLE = Automatic;
				DEVELOPMENT_TEAM = 55V3ELH4AV;
				INFOPLIST_FILE = "TMDB-Demo/Info.plist";
				LD_RUNPATH_SEARCH_PATHS = (
					"$(inherited)",
					"@executable_path/Frameworks",
				);
				PRODUCT_BUNDLE_IDENTIFIER = "com.JasonWang.TMDB-Demo";
				PRODUCT_NAME = "$(TARGET_NAME)";
				SWIFT_VERSION = 5.0;
				TARGETED_DEVICE_FAMILY = "1,2";
			};
			name = Debug;
		};
		D4D2EC78238BB05F00BCCB18 /* Release */ = {
			isa = XCBuildConfiguration;
			buildSettings = {
				ASSETCATALOG_COMPILER_APPICON_NAME = AppIcon;
				CODE_SIGN_STYLE = Automatic;
				DEVELOPMENT_TEAM = 55V3ELH4AV;
				INFOPLIST_FILE = "TMDB-Demo/Info.plist";
				LD_RUNPATH_SEARCH_PATHS = (
					"$(inherited)",
					"@executable_path/Frameworks",
				);
				PRODUCT_BUNDLE_IDENTIFIER = "com.JasonWang.TMDB-Demo";
				PRODUCT_NAME = "$(TARGET_NAME)";
				SWIFT_VERSION = 5.0;
				TARGETED_DEVICE_FAMILY = "1,2";
			};
			name = Release;
		};
		D4D2EC7A238BB05F00BCCB18 /* Debug */ = {
			isa = XCBuildConfiguration;
			buildSettings = {
				ALWAYS_EMBED_SWIFT_STANDARD_LIBRARIES = YES;
				BUNDLE_LOADER = "$(TEST_HOST)";
				CODE_SIGN_STYLE = Automatic;
				DEVELOPMENT_TEAM = 55V3ELH4AV;
				INFOPLIST_FILE = "TMDB-DemoTests/Info.plist";
				IPHONEOS_DEPLOYMENT_TARGET = 13.2;
				LD_RUNPATH_SEARCH_PATHS = (
					"$(inherited)",
					"@executable_path/Frameworks",
					"@loader_path/Frameworks",
				);
				PRODUCT_BUNDLE_IDENTIFIER = "com.JasonWang.TMDB-DemoTests";
				PRODUCT_NAME = "$(TARGET_NAME)";
				SWIFT_VERSION = 5.0;
				TARGETED_DEVICE_FAMILY = "1,2";
				TEST_HOST = "$(BUILT_PRODUCTS_DIR)/TMDB-Demo.app/TMDB-Demo";
			};
			name = Debug;
		};
		D4D2EC7B238BB05F00BCCB18 /* Release */ = {
			isa = XCBuildConfiguration;
			buildSettings = {
				ALWAYS_EMBED_SWIFT_STANDARD_LIBRARIES = YES;
				BUNDLE_LOADER = "$(TEST_HOST)";
				CODE_SIGN_STYLE = Automatic;
				DEVELOPMENT_TEAM = 55V3ELH4AV;
				INFOPLIST_FILE = "TMDB-DemoTests/Info.plist";
				IPHONEOS_DEPLOYMENT_TARGET = 13.2;
				LD_RUNPATH_SEARCH_PATHS = (
					"$(inherited)",
					"@executable_path/Frameworks",
					"@loader_path/Frameworks",
				);
				PRODUCT_BUNDLE_IDENTIFIER = "com.JasonWang.TMDB-DemoTests";
				PRODUCT_NAME = "$(TARGET_NAME)";
				SWIFT_VERSION = 5.0;
				TARGETED_DEVICE_FAMILY = "1,2";
				TEST_HOST = "$(BUILT_PRODUCTS_DIR)/TMDB-Demo.app/TMDB-Demo";
			};
			name = Release;
		};
/* End XCBuildConfiguration section */

/* Begin XCConfigurationList section */
		D4D2EC52238BB05E00BCCB18 /* Build configuration list for PBXProject "TMDB-Demo" */ = {
			isa = XCConfigurationList;
			buildConfigurations = (
				D4D2EC74238BB05F00BCCB18 /* Debug */,
				D4D2EC75238BB05F00BCCB18 /* Release */,
			);
			defaultConfigurationIsVisible = 0;
			defaultConfigurationName = Release;
		};
		D4D2EC76238BB05F00BCCB18 /* Build configuration list for PBXNativeTarget "TMDB-Demo" */ = {
			isa = XCConfigurationList;
			buildConfigurations = (
				D4D2EC77238BB05F00BCCB18 /* Debug */,
				D4D2EC78238BB05F00BCCB18 /* Release */,
			);
			defaultConfigurationIsVisible = 0;
			defaultConfigurationName = Release;
		};
		D4D2EC79238BB05F00BCCB18 /* Build configuration list for PBXNativeTarget "TMDB-DemoTests" */ = {
			isa = XCConfigurationList;
			buildConfigurations = (
				D4D2EC7A238BB05F00BCCB18 /* Debug */,
				D4D2EC7B238BB05F00BCCB18 /* Release */,
			);
			defaultConfigurationIsVisible = 0;
			defaultConfigurationName = Release;
		};
/* End XCConfigurationList section */
	};
	rootObject = D4D2EC4F238BB05E00BCCB18 /* Project object */;
}
