// !$*UTF8*$!
{
	archiveVersion = 1;
	classes = {
	};
	objectVersion = 50;
	objects = {

/* Begin PBXBuildFile section */
		D4D2EC5B238BB05E00BCCB18 /* AppDelegate.swift in Sources */ = {isa = PBXBuildFile; fileRef = D4D2EC5A238BB05E00BCCB18 /* AppDelegate.swift */; };
		D4D2EC5D238BB05E00BCCB18 /* SceneDelegate.swift in Sources */ = {isa = PBXBuildFile; fileRef = D4D2EC5C238BB05E00BCCB18 /* SceneDelegate.swift */; };
		D4D2EC5F238BB05E00BCCB18 /* ViewController.swift in Sources */ = {isa = PBXBuildFile; fileRef = D4D2EC5E238BB05E00BCCB18 /* ViewController.swift */; };
		D4D2EC64238BB05F00BCCB18 /* Assets.xcassets in Resources */ = {isa = PBXBuildFile; fileRef = D4D2EC63238BB05F00BCCB18 /* Assets.xcassets */; };
		D4D2EC67238BB05F00BCCB18 /* LaunchScreen.storyboard in Resources */ = {isa = PBXBuildFile; fileRef = D4D2EC65238BB05F00BCCB18 /* LaunchScreen.storyboard */; };
		D4D2EC72238BB05F00BCCB18 /* TMDB_DemoTests.swift in Sources */ = {isa = PBXBuildFile; fileRef = D4D2EC71238BB05F00BCCB18 /* TMDB_DemoTests.swift */; };
		D4D2EC7D238BB7B200BCCB18 /* UIView+Anchor.swift in Sources */ = {isa = PBXBuildFile; fileRef = D4D2EC7C238BB7B200BCCB18 /* UIView+Anchor.swift */; };
/* End PBXBuildFile section */

/* Begin PBXContainerItemProxy section */
		D4D2EC6E238BB05F00BCCB18 /* PBXContainerItemProxy */ = {
			isa = PBXContainerItemProxy;
			containerPortal = D4D2EC4F238BB05E00BCCB18 /* Project object */;
			proxyType = 1;
			remoteGlobalIDString = D4D2EC56238BB05E00BCCB18;
			remoteInfo = "TMDB-Demo";
		};
/* End PBXContainerItemProxy section */

/* Begin PBXFileReference section */
		D4D2EC57238BB05E00BCCB18 /* TMDB-Demo.app */ = {isa = PBXFileReference; explicitFileType = wrapper.application; includeInIndex = 0; path = "TMDB-Demo.app"; sourceTree = BUILT_PRODUCTS_DIR; };
		D4D2EC5A238BB05E00BCCB18 /* AppDelegate.swift */ = {isa = PBXFileReference; lastKnownFileType = sourcecode.swift; path = AppDelegate.swift; sourceTree = "<group>"; };
		D4D2EC5C238BB05E00BCCB18 /* SceneDelegate.swift */ = {isa = PBXFileReference; lastKnownFileType = sourcecode.swift; path = SceneDelegate.swift; sourceTree = "<group>"; };
		D4D2EC5E238BB05E00BCCB18 /* ViewController.swift */ = {isa = PBXFileReference; lastKnownFileType = sourcecode.swift; path = ViewController.swift; sourceTree = "<group>"; };
		D4D2EC63238BB05F00BCCB18 /* Assets.xcassets */ = {isa = PBXFileReference; lastKnownFileType = folder.assetcatalog; path = Assets.xcassets; sourceTree = "<group>"; };
		D4D2EC66238BB05F00BCCB18 /* Base */ = {isa = PBXFileReference; lastKnownFileType = file.storyboard; name = Base; path = Base.lproj/LaunchScreen.storyboard; sourceTree = "<group>"; };
		D4D2EC68238BB05F00BCCB18 /* Info.plist */ = {isa = PBXFileReference; lastKnownFileType = text.plist.xml; path = Info.plist; sourceTree = "<group>"; };
		D4D2EC6D238BB05F00BCCB18 /* TMDB-DemoTests.xctest */ = {isa = PBXFileReference; explicitFileType = wrapper.cfbundle; includeInIndex = 0; path = "TMDB-DemoTests.xctest"; sourceTree = BUILT_PRODUCTS_DIR; };
		D4D2EC71238BB05F00BCCB18 /* TMDB_DemoTests.swift */ = {isa = PBXFileReference; lastKnownFileType = sourcecode.swift; path = TMDB_DemoTests.swift; sourceTree = "<group>"; };
		D4D2EC73238BB05F00BCCB18 /* Info.plist */ = {isa = PBXFileReference; lastKnownFileType = text.plist.xml; path = Info.plist; sourceTree = "<group>"; };
		D4D2EC7C238BB7B200BCCB18 /* UIView+Anchor.swift */ = {isa = PBXFileReference; lastKnownFileType = sourcecode.swift; path = "UIView+Anchor.swift"; sourceTree = "<group>"; };
/* End PBXFileReference section */

/* Begin PBXFrameworksBuildPhase section */
		D4D2EC54238BB05E00BCCB18 /* Frameworks */ = {
			isa = PBXFrameworksBuildPhase;
			buildActionMask = 2147483647;
			files = (
			);
			runOnlyForDeploymentPostprocessing = 0;
		};
		D4D2EC6A238BB05F00BCCB18 /* Frameworks */ = {
			isa = PBXFrameworksBuildPhase;
			buildActionMask = 2147483647;
			files = (
			);
			runOnlyForDeploymentPostprocessing = 0;
		};
/* End PBXFrameworksBuildPhase section */

/* Begin PBXGroup section */
		D4D2EC4E238BB05E00BCCB18 = {
			isa = PBXGroup;
			children = (
				D4D2EC59238BB05E00BCCB18 /* TMDB-Demo */,
				D4D2EC70238BB05F00BCCB18 /* TMDB-DemoTests */,
				D4D2EC58238BB05E00BCCB18 /* Products */,
			);
			sourceTree = "<group>";
		};
		D4D2EC58238BB05E00BCCB18 /* Products */ = {
			isa = PBXGroup;
			children = (
				D4D2EC57238BB05E00BCCB18 /* TMDB-Demo.app */,
				D4D2EC6D238BB05F00BCCB18 /* TMDB-DemoTests.xctest */,
			);
			name = Products;
			sourceTree = "<group>";
		};
		D4D2EC59238BB05E00BCCB18 /* TMDB-Demo */ = {
			isa = PBXGroup;
			children = (
				D4D2EC5A238BB05E00BCCB18 /* AppDelegate.swift */,
				D4D2EC5C238BB05E00BCCB18 /* SceneDelegate.swift */,
				D4D2EC5E238BB05E00BCCB18 /* ViewController.swift */,
				D4D2EC7E238BBBC000BCCB18 /* Extensions */,
				D4D2EC63238BB05F00BCCB18 /* Assets.xcassets */,
				D4D2EC65238BB05F00BCCB18 /* LaunchScreen.storyboard */,
				D4D2EC68238BB05F00BCCB18 /* Info.plist */,
			);
			path = "TMDB-Demo";
			sourceTree = "<group>";
		};
		D4D2EC70238BB05F00BCCB18 /* TMDB-DemoTests */ = {
			isa = PBXGroup;
			children = (
				D4D2EC71238BB05F00BCCB18 /* TMDB_DemoTests.swift */,
				D4D2EC73238BB05F00BCCB18 /* Info.plist */,
			);
			path = "TMDB-DemoTests";
			sourceTree = "<group>";
		};
		D4D2EC7E238BBBC000BCCB18 /* Extensions */ = {
			isa = PBXGroup;
			children = (
				D4D2EC7C238BB7B200BCCB18 /* UIView+Anchor.swift */,
			);
			path = Extensions;
			sourceTree = "<group>";
		};
/* End PBXGroup section */

/* Begin PBXNativeTarget section */
		D4D2EC56238BB05E00BCCB18 /* TMDB-Demo */ = {
			isa = PBXNativeTarget;
			buildConfigurationList = D4D2EC76238BB05F00BCCB18 /* Build configuration list for PBXNativeTarget "TMDB-Demo" */;
			buildPhases = (
				D4D2EC53238BB05E00BCCB18 /* Sources */,
				D4D2EC54238BB05E00BCCB18 /* Frameworks */,
				D4D2EC55238BB05E00BCCB18 /* Resources */,
			);
			buildRules = (
			);
			dependencies = (
			);
			name = "TMDB-Demo";
			productName = "TMDB-Demo";
			productReference = D4D2EC57238BB05E00BCCB18 /* TMDB-Demo.app */;
			productType = "com.apple.product-type.application";
		};
		D4D2EC6C238BB05F00BCCB18 /* TMDB-DemoTests */ = {
			isa = PBXNativeTarget;
			buildConfigurationList = D4D2EC79238BB05F00BCCB18 /* Build configuration list for PBXNativeTarget "TMDB-DemoTests" */;
			buildPhases = (
				D4D2EC69238BB05F00BCCB18 /* Sources */,
				D4D2EC6A238BB05F00BCCB18 /* Frameworks */,
				D4D2EC6B238BB05F00BCCB18 /* Resources */,
			);
			buildRules = (
			);
			dependencies = (
				D4D2EC6F238BB05F00BCCB18 /* PBXTargetDependency */,
			);
			name = "TMDB-DemoTests";
			productName = "TMDB-DemoTests";
			productReference = D4D2EC6D238BB05F00BCCB18 /* TMDB-DemoTests.xctest */;
			productType = "com.apple.product-type.bundle.unit-test";
		};
/* End PBXNativeTarget section */

/* Begin PBXProject section */
		D4D2EC4F238BB05E00BCCB18 /* Project object */ = {
			isa = PBXProject;
			attributes = {
				LastSwiftUpdateCheck = 1120;
				LastUpgradeCheck = 1120;
				ORGANIZATIONNAME = "Jason Wang";
				TargetAttributes = {
					D4D2EC56238BB05E00BCCB18 = {
						CreatedOnToolsVersion = 11.2.1;
					};
					D4D2EC6C238BB05F00BCCB18 = {
						CreatedOnToolsVersion = 11.2.1;
						TestTargetID = D4D2EC56238BB05E00BCCB18;
					};
				};
			};
			buildConfigurationList = D4D2EC52238BB05E00BCCB18 /* Build configuration list for PBXProject "TMDB-Demo" */;
			compatibilityVersion = "Xcode 9.3";
			developmentRegion = en;
			hasScannedForEncodings = 0;
			knownRegions = (
				en,
				Base,
			);
			mainGroup = D4D2EC4E238BB05E00BCCB18;
			productRefGroup = D4D2EC58238BB05E00BCCB18 /* Products */;
			projectDirPath = "";
			projectRoot = "";
			targets = (
				D4D2EC56238BB05E00BCCB18 /* TMDB-Demo */,
				D4D2EC6C238BB05F00BCCB18 /* TMDB-DemoTests */,
			);
		};
/* End PBXProject section */

/* Begin PBXResourcesBuildPhase section */
		D4D2EC55238BB05E00BCCB18 /* Resources */ = {
			isa = PBXResourcesBuildPhase;
			buildActionMask = 2147483647;
			files = (
				D4D2EC67238BB05F00BCCB18 /* LaunchScreen.storyboard in Resources */,
				D4D2EC64238BB05F00BCCB18 /* Assets.xcassets in Resources */,
			);
			runOnlyForDeploymentPostprocessing = 0;
		};
		D4D2EC6B238BB05F00BCCB18 /* Resources */ = {
			isa = PBXResourcesBuildPhase;
			buildActionMask = 2147483647;
			files = (
			);
			runOnlyForDeploymentPostprocessing = 0;
		};
/* End PBXResourcesBuildPhase section */

/* Begin PBXSourcesBuildPhase section */
		D4D2EC53238BB05E00BCCB18 /* Sources */ = {
			isa = PBXSourcesBuildPhase;
			buildActionMask = 2147483647;
			files = (
				D4D2EC5F238BB05E00BCCB18 /* ViewController.swift in Sources */,
				D4D2EC7D238BB7B200BCCB18 /* UIView+Anchor.swift in Sources */,
				D4D2EC5B238BB05E00BCCB18 /* AppDelegate.swift in Sources */,
				D4D2EC5D238BB05E00BCCB18 /* SceneDelegate.swift in Sources */,
			);
			runOnlyForDeploymentPostprocessing = 0;
		};
		D4D2EC69238BB05F00BCCB18 /* Sources */ = {
			isa = PBXSourcesBuildPhase;
			buildActionMask = 2147483647;
			files = (
				D4D2EC72238BB05F00BCCB18 /* TMDB_DemoTests.swift in Sources */,
			);
			runOnlyForDeploymentPostprocessing = 0;
		};
/* End PBXSourcesBuildPhase section */

/* Begin PBXTargetDependency section */
		D4D2EC6F238BB05F00BCCB18 /* PBXTargetDependency */ = {
			isa = PBXTargetDependency;
			target = D4D2EC56238BB05E00BCCB18 /* TMDB-Demo */;
			targetProxy = D4D2EC6E238BB05F00BCCB18 /* PBXContainerItemProxy */;
		};
/* End PBXTargetDependency section */

/* Begin PBXVariantGroup section */
		D4D2EC65238BB05F00BCCB18 /* LaunchScreen.storyboard */ = {
			isa = PBXVariantGroup;
			children = (
				D4D2EC66238BB05F00BCCB18 /* Base */,
			);
			name = LaunchScreen.storyboard;
			sourceTree = "<group>";
		};
/* End PBXVariantGroup section */

/* Begin XCBuildConfiguration section */
		D4D2EC74238BB05F00BCCB18 /* Debug */ = {
			isa = XCBuildConfiguration;
			buildSettings = {
				ALWAYS_SEARCH_USER_PATHS = NO;
				CLANG_ANALYZER_NONNULL = YES;
				CLANG_ANALYZER_NUMBER_OBJECT_CONVERSION = YES_AGGRESSIVE;
				CLANG_CXX_LANGUAGE_STANDARD = "gnu++14";
				CLANG_CXX_LIBRARY = "libc++";
				CLANG_ENABLE_MODULES = YES;
				CLANG_ENABLE_OBJC_ARC = YES;
				CLANG_ENABLE_OBJC_WEAK = YES;
				CLANG_WARN_BLOCK_CAPTURE_AUTORELEASING = YES;
				CLANG_WARN_BOOL_CONVERSION = YES;
				CLANG_WARN_COMMA = YES;
				CLANG_WARN_CONSTANT_CONVERSION = YES;
				CLANG_WARN_DEPRECATED_OBJC_IMPLEMENTATIONS = YES;
				CLANG_WARN_DIRECT_OBJC_ISA_USAGE = YES_ERROR;
				CLANG_WARN_DOCUMENTATION_COMMENTS = YES;
				CLANG_WARN_EMPTY_BODY = YES;
				CLANG_WARN_ENUM_CONVERSION = YES;
				CLANG_WARN_INFINITE_RECURSION = YES;
				CLANG_WARN_INT_CONVERSION = YES;
				CLANG_WARN_NON_LITERAL_NULL_CONVERSION = YES;
				CLANG_WARN_OBJC_IMPLICIT_RETAIN_SELF = YES;
				CLANG_WARN_OBJC_LITERAL_CONVERSION = YES;
				CLANG_WARN_OBJC_ROOT_CLASS = YES_ERROR;
				CLANG_WARN_RANGE_LOOP_ANALYSIS = YES;
				CLANG_WARN_STRICT_PROTOTYPES = YES;
				CLANG_WARN_SUSPICIOUS_MOVE = YES;
				CLANG_WARN_UNGUARDED_AVAILABILITY = YES_AGGRESSIVE;
				CLANG_WARN_UNREACHABLE_CODE = YES;
				CLANG_WARN__DUPLICATE_METHOD_MATCH = YES;
				COPY_PHASE_STRIP = NO;
				DEBUG_INFORMATION_FORMAT = dwarf;
				ENABLE_STRICT_OBJC_MSGSEND = YES;
				ENABLE_TESTABILITY = YES;
				GCC_C_LANGUAGE_STANDARD = gnu11;
				GCC_DYNAMIC_NO_PIC = NO;
				GCC_NO_COMMON_BLOCKS = YES;
				GCC_OPTIMIZATION_LEVEL = 0;
				GCC_PREPROCESSOR_DEFINITIONS = (
					"DEBUG=1",
					"$(inherited)",
				);
				GCC_WARN_64_TO_32_BIT_CONVERSION = YES;
				GCC_WARN_ABOUT_RETURN_TYPE = YES_ERROR;
				GCC_WARN_UNDECLARED_SELECTOR = YES;
				GCC_WARN_UNINITIALIZED_AUTOS = YES_AGGRESSIVE;
				GCC_WARN_UNUSED_FUNCTION = YES;
				GCC_WARN_UNUSED_VARIABLE = YES;
				IPHONEOS_DEPLOYMENT_TARGET = 13.2;
				MTL_ENABLE_DEBUG_INFO = INCLUDE_SOURCE;
				MTL_FAST_MATH = YES;
				ONLY_ACTIVE_ARCH = YES;
				SDKROOT = iphoneos;
				SWIFT_ACTIVE_COMPILATION_CONDITIONS = DEBUG;
				SWIFT_OPTIMIZATION_LEVEL = "-Onone";
			};
			name = Debug;
		};
		D4D2EC75238BB05F00BCCB18 /* Release */ = {
			isa = XCBuildConfiguration;
			buildSettings = {
				ALWAYS_SEARCH_USER_PATHS = NO;
				CLANG_ANALYZER_NONNULL = YES;
				CLANG_ANALYZER_NUMBER_OBJECT_CONVERSION = YES_AGGRESSIVE;
				CLANG_CXX_LANGUAGE_STANDARD = "gnu++14";
				CLANG_CXX_LIBRARY = "libc++";
				CLANG_ENABLE_MODULES = YES;
				CLANG_ENABLE_OBJC_ARC = YES;
				CLANG_ENABLE_OBJC_WEAK = YES;
				CLANG_WARN_BLOCK_CAPTURE_AUTORELEASING = YES;
				CLANG_WARN_BOOL_CONVERSION = YES;
				CLANG_WARN_COMMA = YES;
				CLANG_WARN_CONSTANT_CONVERSION = YES;
				CLANG_WARN_DEPRECATED_OBJC_IMPLEMENTATIONS = YES;
				CLANG_WARN_DIRECT_OBJC_ISA_USAGE = YES_ERROR;
				CLANG_WARN_DOCUMENTATION_COMMENTS = YES;
				CLANG_WARN_EMPTY_BODY = YES;
				CLANG_WARN_ENUM_CONVERSION = YES;
				CLANG_WARN_INFINITE_RECURSION = YES;
				CLANG_WARN_INT_CONVERSION = YES;
				CLANG_WARN_NON_LITERAL_NULL_CONVERSION = YES;
				CLANG_WARN_OBJC_IMPLICIT_RETAIN_SELF = YES;
				CLANG_WARN_OBJC_LITERAL_CONVERSION = YES;
				CLANG_WARN_OBJC_ROOT_CLASS = YES_ERROR;
				CLANG_WARN_RANGE_LOOP_ANALYSIS = YES;
				CLANG_WARN_STRICT_PROTOTYPES = YES;
				CLANG_WARN_SUSPICIOUS_MOVE = YES;
				CLANG_WARN_UNGUARDED_AVAILABILITY = YES_AGGRESSIVE;
				CLANG_WARN_UNREACHABLE_CODE = YES;
				CLANG_WARN__DUPLICATE_METHOD_MATCH = YES;
				COPY_PHASE_STRIP = NO;
				DEBUG_INFORMATION_FORMAT = "dwarf-with-dsym";
				ENABLE_NS_ASSERTIONS = NO;
				ENABLE_STRICT_OBJC_MSGSEND = YES;
				GCC_C_LANGUAGE_STANDARD = gnu11;
				GCC_NO_COMMON_BLOCKS = YES;
				GCC_WARN_64_TO_32_BIT_CONVERSION = YES;
				GCC_WARN_ABOUT_RETURN_TYPE = YES_ERROR;
				GCC_WARN_UNDECLARED_SELECTOR = YES;
				GCC_WARN_UNINITIALIZED_AUTOS = YES_AGGRESSIVE;
				GCC_WARN_UNUSED_FUNCTION = YES;
				GCC_WARN_UNUSED_VARIABLE = YES;
				IPHONEOS_DEPLOYMENT_TARGET = 13.2;
				MTL_ENABLE_DEBUG_INFO = NO;
				MTL_FAST_MATH = YES;
				SDKROOT = iphoneos;
				SWIFT_COMPILATION_MODE = wholemodule;
				SWIFT_OPTIMIZATION_LEVEL = "-O";
				VALIDATE_PRODUCT = YES;
			};
			name = Release;
		};
		D4D2EC77238BB05F00BCCB18 /* Debug */ = {
			isa = XCBuildConfiguration;
			buildSettings = {
				ASSETCATALOG_COMPILER_APPICON_NAME = AppIcon;
				CODE_SIGN_STYLE = Automatic;
				DEVELOPMENT_TEAM = 55V3ELH4AV;
				INFOPLIST_FILE = "TMDB-Demo/Info.plist";
				LD_RUNPATH_SEARCH_PATHS = (
					"$(inherited)",
					"@executable_path/Frameworks",
				);
				PRODUCT_BUNDLE_IDENTIFIER = "com.JasonWang.TMDB-Demo";
				PRODUCT_NAME = "$(TARGET_NAME)";
				SWIFT_VERSION = 5.0;
				TARGETED_DEVICE_FAMILY = "1,2";
			};
			name = Debug;
		};
		D4D2EC78238BB05F00BCCB18 /* Release */ = {
			isa = XCBuildConfiguration;
			buildSettings = {
				ASSETCATALOG_COMPILER_APPICON_NAME = AppIcon;
				CODE_SIGN_STYLE = Automatic;
				DEVELOPMENT_TEAM = 55V3ELH4AV;
				INFOPLIST_FILE = "TMDB-Demo/Info.plist";
				LD_RUNPATH_SEARCH_PATHS = (
					"$(inherited)",
					"@executable_path/Frameworks",
				);
				PRODUCT_BUNDLE_IDENTIFIER = "com.JasonWang.TMDB-Demo";
				PRODUCT_NAME = "$(TARGET_NAME)";
				SWIFT_VERSION = 5.0;
				TARGETED_DEVICE_FAMILY = "1,2";
			};
			name = Release;
		};
		D4D2EC7A238BB05F00BCCB18 /* Debug */ = {
			isa = XCBuildConfiguration;
			buildSettings = {
				ALWAYS_EMBED_SWIFT_STANDARD_LIBRARIES = YES;
				BUNDLE_LOADER = "$(TEST_HOST)";
				CODE_SIGN_STYLE = Automatic;
				DEVELOPMENT_TEAM = 55V3ELH4AV;
				INFOPLIST_FILE = "TMDB-DemoTests/Info.plist";
				IPHONEOS_DEPLOYMENT_TARGET = 13.2;
				LD_RUNPATH_SEARCH_PATHS = (
					"$(inherited)",
					"@executable_path/Frameworks",
					"@loader_path/Frameworks",
				);
				PRODUCT_BUNDLE_IDENTIFIER = "com.JasonWang.TMDB-DemoTests";
				PRODUCT_NAME = "$(TARGET_NAME)";
				SWIFT_VERSION = 5.0;
				TARGETED_DEVICE_FAMILY = "1,2";
				TEST_HOST = "$(BUILT_PRODUCTS_DIR)/TMDB-Demo.app/TMDB-Demo";
			};
			name = Debug;
		};
		D4D2EC7B238BB05F00BCCB18 /* Release */ = {
			isa = XCBuildConfiguration;
			buildSettings = {
				ALWAYS_EMBED_SWIFT_STANDARD_LIBRARIES = YES;
				BUNDLE_LOADER = "$(TEST_HOST)";
				CODE_SIGN_STYLE = Automatic;
				DEVELOPMENT_TEAM = 55V3ELH4AV;
				INFOPLIST_FILE = "TMDB-DemoTests/Info.plist";
				IPHONEOS_DEPLOYMENT_TARGET = 13.2;
				LD_RUNPATH_SEARCH_PATHS = (
					"$(inherited)",
					"@executable_path/Frameworks",
					"@loader_path/Frameworks",
				);
				PRODUCT_BUNDLE_IDENTIFIER = "com.JasonWang.TMDB-DemoTests";
				PRODUCT_NAME = "$(TARGET_NAME)";
				SWIFT_VERSION = 5.0;
				TARGETED_DEVICE_FAMILY = "1,2";
				TEST_HOST = "$(BUILT_PRODUCTS_DIR)/TMDB-Demo.app/TMDB-Demo";
			};
			name = Release;
		};
/* End XCBuildConfiguration section */

/* Begin XCConfigurationList section */
		D4D2EC52238BB05E00BCCB18 /* Build configuration list for PBXProject "TMDB-Demo" */ = {
			isa = XCConfigurationList;
			buildConfigurations = (
				D4D2EC74238BB05F00BCCB18 /* Debug */,
				D4D2EC75238BB05F00BCCB18 /* Release */,
			);
			defaultConfigurationIsVisible = 0;
			defaultConfigurationName = Release;
		};
		D4D2EC76238BB05F00BCCB18 /* Build configuration list for PBXNativeTarget "TMDB-Demo" */ = {
			isa = XCConfigurationList;
			buildConfigurations = (
				D4D2EC77238BB05F00BCCB18 /* Debug */,
				D4D2EC78238BB05F00BCCB18 /* Release */,
			);
			defaultConfigurationIsVisible = 0;
			defaultConfigurationName = Release;
		};
		D4D2EC79238BB05F00BCCB18 /* Build configuration list for PBXNativeTarget "TMDB-DemoTests" */ = {
			isa = XCConfigurationList;
			buildConfigurations = (
				D4D2EC7A238BB05F00BCCB18 /* Debug */,
				D4D2EC7B238BB05F00BCCB18 /* Release */,
			);
			defaultConfigurationIsVisible = 0;
			defaultConfigurationName = Release;
		};
/* End XCConfigurationList section */
	};
	rootObject = D4D2EC4F238BB05E00BCCB18 /* Project object */;
}
